
Microsoft Visual Studio Solution File, Format Version 12.00
# Visual Studio Version 17
VisualStudioVersion = 17.6.33815.320
MinimumVisualStudioVersion = 10.0.40219.1
Project("{FAE04EC0-301F-11D3-BF4B-00C04F79EFBC}") = "Villageois", "Villageois\Villageois.csproj", "{1353AB8F-CF19-4B04-B833-9265E729AFF2}"
EndProject
Project("{FAE04EC0-301F-11D3-BF4B-00C04F79EFBC}") = "libVillageois", "libVillageois\libVillageois.csproj", "{F2A42306-84D2-4AC9-A379-B6C246C9DBBA}"
EndProject
Global
	GlobalSection(SolutionConfigurationPlatforms) = preSolution
		Debug|Any CPU = Debug|Any CPU
		Release|Any CPU = Release|Any CPU
	EndGlobalSection
	GlobalSection(ProjectConfigurationPlatforms) = postSolution
		{1353AB8F-CF19-4B04-B833-9265E729AFF2}.Debug|Any CPU.ActiveCfg = Debug|Any CPU
		{1353AB8F-CF19-4B04-B833-9265E729AFF2}.Debug|Any CPU.Build.0 = Debug|Any CPU
		{1353AB8F-CF19-4B04-B833-9265E729AFF2}.Release|Any CPU.ActiveCfg = Release|Any CPU
		{1353AB8F-CF19-4B04-B833-9265E729AFF2}.Release|Any CPU.Build.0 = Release|Any CPU
		{F2A42306-84D2-4AC9-A379-B6C246C9DBBA}.Debug|Any CPU.ActiveCfg = Debug|Any CPU
		{F2A42306-84D2-4AC9-A379-B6C246C9DBBA}.Debug|Any CPU.Build.0 = Debug|Any CPU
		{F2A42306-84D2-4AC9-A379-B6C246C9DBBA}.Release|Any CPU.ActiveCfg = Release|Any CPU
		{F2A42306-84D2-4AC9-A379-B6C246C9DBBA}.Release|Any CPU.Build.0 = Release|Any CPU
	EndGlobalSection
	GlobalSection(SolutionProperties) = preSolution
		HideSolutionNode = FALSE
	EndGlobalSection
	GlobalSection(ExtensibilityGlobals) = postSolution
		SolutionGuid = {A9B36E0A-140E-40A5-A1AA-69B8B83051A0}
	EndGlobalSection
EndGlobal
